
Microsoft Visual Studio Solution File, Format Version 12.00
# Visual Studio Version 17
VisualStudioVersion = 17.2.32602.215
MinimumVisualStudioVersion = 10.0.40219.1
Project("{9A19103F-16F7-4668-BE54-9A1E7A4F7556}") = "CompositeDesignPattern", "CompositeDesignPattern\CompositeDesignPattern.csproj", "{40BCE51E-7052-4040-866F-876BB097ECE0}"
EndProject
Project("{9A19103F-16F7-4668-BE54-9A1E7A4F7556}") = "iteasy_Client", "iteasy_Client\iteasy_Client.csproj", "{C53C75CF-08FF-4432-BBF4-4DFC77597CDD}"
EndProject
Project("{FAE04EC0-301F-11D3-BF4B-00C04F79EFBC}") = "CommandPattern", "CommandPattern\CommandPattern.csproj", "{CE894128-6A62-48A7-BDCE-1281A8D67E14}"
EndProject
Project("{FAE04EC0-301F-11D3-BF4B-00C04F79EFBC}") = "Eshop_DataAccess", "Eshop_DataAccess\Eshop_DataAccess.csproj", "{04B85FAA-9095-4B85-BACD-97CDB69D9EE8}"
EndProject
Project("{FAE04EC0-301F-11D3-BF4B-00C04F79EFBC}") = "MediatorDesignPattern", "MediatorDesignPattern\MediatorDesignPattern.csproj", "{D1AE5067-212C-485B-9595-5CD3CD9E511E}"
EndProject
Global
	GlobalSection(SolutionConfigurationPlatforms) = preSolution
		Debug|Any CPU = Debug|Any CPU
		Release|Any CPU = Release|Any CPU
	EndGlobalSection
	GlobalSection(ProjectConfigurationPlatforms) = postSolution
		{40BCE51E-7052-4040-866F-876BB097ECE0}.Debug|Any CPU.ActiveCfg = Debug|Any CPU
		{40BCE51E-7052-4040-866F-876BB097ECE0}.Debug|Any CPU.Build.0 = Debug|Any CPU
		{40BCE51E-7052-4040-866F-876BB097ECE0}.Release|Any CPU.ActiveCfg = Release|Any CPU
		{40BCE51E-7052-4040-866F-876BB097ECE0}.Release|Any CPU.Build.0 = Release|Any CPU
		{C53C75CF-08FF-4432-BBF4-4DFC77597CDD}.Debug|Any CPU.ActiveCfg = Debug|Any CPU
		{C53C75CF-08FF-4432-BBF4-4DFC77597CDD}.Debug|Any CPU.Build.0 = Debug|Any CPU
		{C53C75CF-08FF-4432-BBF4-4DFC77597CDD}.Release|Any CPU.ActiveCfg = Release|Any CPU
		{C53C75CF-08FF-4432-BBF4-4DFC77597CDD}.Release|Any CPU.Build.0 = Release|Any CPU
		{CE894128-6A62-48A7-BDCE-1281A8D67E14}.Debug|Any CPU.ActiveCfg = Debug|Any CPU
		{CE894128-6A62-48A7-BDCE-1281A8D67E14}.Debug|Any CPU.Build.0 = Debug|Any CPU
		{CE894128-6A62-48A7-BDCE-1281A8D67E14}.Release|Any CPU.ActiveCfg = Release|Any CPU
		{CE894128-6A62-48A7-BDCE-1281A8D67E14}.Release|Any CPU.Build.0 = Release|Any CPU
		{04B85FAA-9095-4B85-BACD-97CDB69D9EE8}.Debug|Any CPU.ActiveCfg = Debug|Any CPU
		{04B85FAA-9095-4B85-BACD-97CDB69D9EE8}.Debug|Any CPU.Build.0 = Debug|Any CPU
		{04B85FAA-9095-4B85-BACD-97CDB69D9EE8}.Release|Any CPU.ActiveCfg = Release|Any CPU
		{04B85FAA-9095-4B85-BACD-97CDB69D9EE8}.Release|Any CPU.Build.0 = Release|Any CPU
		{D1AE5067-212C-485B-9595-5CD3CD9E511E}.Debug|Any CPU.ActiveCfg = Debug|Any CPU
		{D1AE5067-212C-485B-9595-5CD3CD9E511E}.Debug|Any CPU.Build.0 = Debug|Any CPU
		{D1AE5067-212C-485B-9595-5CD3CD9E511E}.Release|Any CPU.ActiveCfg = Release|Any CPU
		{D1AE5067-212C-485B-9595-5CD3CD9E511E}.Release|Any CPU.Build.0 = Release|Any CPU
	EndGlobalSection
	GlobalSection(SolutionProperties) = preSolution
		HideSolutionNode = FALSE
	EndGlobalSection
	GlobalSection(ExtensibilityGlobals) = postSolution
		SolutionGuid = {2468C90B-3DFB-42BE-AA71-73B7FDDCAC19}
	EndGlobalSection
EndGlobal
